
Microsoft Visual Studio Solution File, Format Version 12.00
# Visual Studio Version 17
VisualStudioVersion = 17.0.31903.59
MinimumVisualStudioVersion = 10.0.40219.1
Project("{2150E333-8FDC-42A3-9474-1A3956D46DE8}") = "src", "src", "{B99ECA07-D1D8-430F-BEA6-DDD0FDC7B0E9}"
EndProject
Project("{FAE04EC0-301F-11D3-BF4B-00C04F79EFBC}") = "BHC24.Api", "src\BHC24.Api\BHC24.Api.csproj", "{FAE2290A-9E18-4960-9A08-E180680D2DE1}"
EndProject
Project("{FAE04EC0-301F-11D3-BF4B-00C04F79EFBC}") = "GithubClient", "GithubClient\GithubClient.csproj", "{F846510E-02B3-4CD6-85AD-E00E545B94F9}"
EndProject
Global
	GlobalSection(SolutionConfigurationPlatforms) = preSolution
		Debug|Any CPU = Debug|Any CPU
		Release|Any CPU = Release|Any CPU
	EndGlobalSection
	GlobalSection(SolutionProperties) = preSolution
		HideSolutionNode = FALSE
	EndGlobalSection
	GlobalSection(ProjectConfigurationPlatforms) = postSolution
		{FAE2290A-9E18-4960-9A08-E180680D2DE1}.Debug|Any CPU.ActiveCfg = Debug|Any CPU
		{FAE2290A-9E18-4960-9A08-E180680D2DE1}.Debug|Any CPU.Build.0 = Debug|Any CPU
		{FAE2290A-9E18-4960-9A08-E180680D2DE1}.Release|Any CPU.ActiveCfg = Release|Any CPU
		{FAE2290A-9E18-4960-9A08-E180680D2DE1}.Release|Any CPU.Build.0 = Release|Any CPU
		{F846510E-02B3-4CD6-85AD-E00E545B94F9}.Debug|Any CPU.ActiveCfg = Debug|Any CPU
		{F846510E-02B3-4CD6-85AD-E00E545B94F9}.Debug|Any CPU.Build.0 = Debug|Any CPU
		{F846510E-02B3-4CD6-85AD-E00E545B94F9}.Release|Any CPU.ActiveCfg = Release|Any CPU
		{F846510E-02B3-4CD6-85AD-E00E545B94F9}.Release|Any CPU.Build.0 = Release|Any CPU
	EndGlobalSection
	GlobalSection(NestedProjects) = preSolution
		{FAE2290A-9E18-4960-9A08-E180680D2DE1} = {B99ECA07-D1D8-430F-BEA6-DDD0FDC7B0E9}
		{F846510E-02B3-4CD6-85AD-E00E545B94F9} = {B99ECA07-D1D8-430F-BEA6-DDD0FDC7B0E9}
	EndGlobalSection
EndGlobal
